
Microsoft Visual Studio Solution File, Format Version 12.00
# Visual Studio Version 16
VisualStudioVersion = 16.0.29709.97
MinimumVisualStudioVersion = 10.0.40219.1
Project("{FAE04EC0-301F-11D3-BF4B-00C04F79EFBC}") = "ReviewNetCore.ConsoleApplicationEFCoreScaffold", "ReviewNetCore.ConsoleApplicationEFCoreScaffold\ReviewNetCore.ConsoleApplicationEFCoreScaffold.csproj", "{6D82A40A-F4A4-4800-909A-FCB5EEE17994}"
EndProject
Project("{FAE04EC0-301F-11D3-BF4B-00C04F79EFBC}") = "ReviewNetCore.ConsoleApplicationEFCoreCodeFirst", "ReviewNetCore.ConsoleApplicationEFCoreCodeFirst\ReviewNetCore.ConsoleApplicationEFCoreCodeFirst.csproj", "{FFF2A674-ED78-45BC-B61B-1A488F431970}"
EndProject
Global
	GlobalSection(SolutionConfigurationPlatforms) = preSolution
		Debug|Any CPU = Debug|Any CPU
		Release|Any CPU = Release|Any CPU
	EndGlobalSection
	GlobalSection(ProjectConfigurationPlatforms) = postSolution
		{6D82A40A-F4A4-4800-909A-FCB5EEE17994}.Debug|Any CPU.ActiveCfg = Debug|Any CPU
		{6D82A40A-F4A4-4800-909A-FCB5EEE17994}.Debug|Any CPU.Build.0 = Debug|Any CPU
		{6D82A40A-F4A4-4800-909A-FCB5EEE17994}.Release|Any CPU.ActiveCfg = Release|Any CPU
		{6D82A40A-F4A4-4800-909A-FCB5EEE17994}.Release|Any CPU.Build.0 = Release|Any CPU
		{FFF2A674-ED78-45BC-B61B-1A488F431970}.Debug|Any CPU.ActiveCfg = Debug|Any CPU
		{FFF2A674-ED78-45BC-B61B-1A488F431970}.Debug|Any CPU.Build.0 = Debug|Any CPU
		{FFF2A674-ED78-45BC-B61B-1A488F431970}.Release|Any CPU.ActiveCfg = Release|Any CPU
		{FFF2A674-ED78-45BC-B61B-1A488F431970}.Release|Any CPU.Build.0 = Release|Any CPU
	EndGlobalSection
	GlobalSection(SolutionProperties) = preSolution
		HideSolutionNode = FALSE
	EndGlobalSection
	GlobalSection(ExtensibilityGlobals) = postSolution
		SolutionGuid = {25D3CF9B-C6A1-4CD6-ABE7-7DEE3C00E087}
	EndGlobalSection
EndGlobal
